// !$*UTF8*$!
{
	archiveVersion = 1;
	classes = {
	};
	objectVersion = 46;
	objects = {

/* Begin PBXBuildFile section */
		151E6A2C1D1299F20023652B /* main.m in Sources */ = {isa = PBXBuildFile; fileRef = 151E6A2B1D1299F20023652B /* main.m */; };
		151E6A2F1D1299F20023652B /* AppDelegate.m in Sources */ = {isa = PBXBuildFile; fileRef = 151E6A2E1D1299F20023652B /* AppDelegate.m */; };
		151E6A351D1299F20023652B /* Main.storyboard in Resources */ = {isa = PBXBuildFile; fileRef = 151E6A331D1299F20023652B /* Main.storyboard */; };
		151E6A371D1299F20023652B /* Images.xcassets in Resources */ = {isa = PBXBuildFile; fileRef = 151E6A361D1299F20023652B /* Images.xcassets */; };
		151E6A3A1D1299F20023652B /* LaunchScreen.xib in Resources */ = {isa = PBXBuildFile; fileRef = 151E6A381D1299F20023652B /* LaunchScreen.xib */; };
		151E6A461D1299F20023652B /* dataSaveTests.m in Sources */ = {isa = PBXBuildFile; fileRef = 151E6A451D1299F20023652B /* dataSaveTests.m */; };
		151E6A5C1D129A830023652B /* FMDatabase.m in Sources */ = {isa = PBXBuildFile; fileRef = 151E6A511D129A830023652B /* FMDatabase.m */; };
		151E6A5D1D129A830023652B /* FMDatabaseAdditions.m in Sources */ = {isa = PBXBuildFile; fileRef = 151E6A531D129A830023652B /* FMDatabaseAdditions.m */; };
		151E6A5E1D129A830023652B /* FMDatabasePool.m in Sources */ = {isa = PBXBuildFile; fileRef = 151E6A551D129A830023652B /* FMDatabasePool.m */; };
		151E6A5F1D129A830023652B /* FMDatabaseQueue.m in Sources */ = {isa = PBXBuildFile; fileRef = 151E6A571D129A830023652B /* FMDatabaseQueue.m */; };
		151E6A601D129A830023652B /* FMResultSet.m in Sources */ = {isa = PBXBuildFile; fileRef = 151E6A5A1D129A830023652B /* FMResultSet.m */; };
		151E6A611D129A830023652B /* Info.plist in Resources */ = {isa = PBXBuildFile; fileRef = 151E6A5B1D129A830023652B /* Info.plist */; };
		151E6A641D129AFE0023652B /* XQDataManger.m in Sources */ = {isa = PBXBuildFile; fileRef = 151E6A631D129AFE0023652B /* XQDataManger.m */; };
		151E6A661D129B520023652B /* libsqlite3.0.dylib in Frameworks */ = {isa = PBXBuildFile; fileRef = 151E6A651D129B520023652B /* libsqlite3.0.dylib */; };
		151E6A6A1D129BED0023652B /* ViewController.m in Sources */ = {isa = PBXBuildFile; fileRef = 151E6A681D129BED0023652B /* ViewController.m */; };
		151E6A6B1D129BED0023652B /* ViewController.xib in Resources */ = {isa = PBXBuildFile; fileRef = 151E6A691D129BED0023652B /* ViewController.xib */; };
		1522BF371D1A295F001FC969 /* SearchViewController.m in Sources */ = {isa = PBXBuildFile; fileRef = 1522BF361D1A295F001FC969 /* SearchViewController.m */; };
		152ABC661D191835000A25CE /* UserModel.m in Sources */ = {isa = PBXBuildFile; fileRef = 152ABC651D191835000A25CE /* UserModel.m */; };
		152ABC6A1D191DF4000A25CE /* UserCell.m in Sources */ = {isa = PBXBuildFile; fileRef = 152ABC681D191DF4000A25CE /* UserCell.m */; };
		152ABC6B1D191DF4000A25CE /* UserCell.xib in Resources */ = {isa = PBXBuildFile; fileRef = 152ABC691D191DF4000A25CE /* UserCell.xib */; };
		152ABC721D1934FB000A25CE /* DataGetViewController.m in Sources */ = {isa = PBXBuildFile; fileRef = 152ABC701D1934FB000A25CE /* DataGetViewController.m */; };
		152ABC731D1934FB000A25CE /* DataGetViewController.xib in Resources */ = {isa = PBXBuildFile; fileRef = 152ABC711D1934FB000A25CE /* DataGetViewController.xib */; };
/* End PBXBuildFile section */

/* Begin PBXContainerItemProxy section */
		151E6A401D1299F20023652B /* PBXContainerItemProxy */ = {
			isa = PBXContainerItemProxy;
			containerPortal = 151E6A1E1D1299F20023652B /* Project object */;
			proxyType = 1;
			remoteGlobalIDString = 151E6A251D1299F20023652B;
			remoteInfo = dataSave;
		};
/* End PBXContainerItemProxy section */

/* Begin PBXFileReference section */
		151E6A261D1299F20023652B /* dataSave.app */ = {isa = PBXFileReference; explicitFileType = wrapper.application; includeInIndex = 0; path = dataSave.app; sourceTree = BUILT_PRODUCTS_DIR; };
		151E6A2A1D1299F20023652B /* Info.plist */ = {isa = PBXFileReference; lastKnownFileType = text.plist.xml; path = Info.plist; sourceTree = "<group>"; };
		151E6A2B1D1299F20023652B /* main.m */ = {isa = PBXFileReference; lastKnownFileType = sourcecode.c.objc; path = main.m; sourceTree = "<group>"; };
		151E6A2D1D1299F20023652B /* AppDelegate.h */ = {isa = PBXFileReference; lastKnownFileType = sourcecode.c.h; path = AppDelegate.h; sourceTree = "<group>"; };
		151E6A2E1D1299F20023652B /* AppDelegate.m */ = {isa = PBXFileReference; lastKnownFileType = sourcecode.c.objc; path = AppDelegate.m; sourceTree = "<group>"; };
		151E6A341D1299F20023652B /* Base */ = {isa = PBXFileReference; lastKnownFileType = file.storyboard; name = Base; path = Base.lproj/Main.storyboard; sourceTree = "<group>"; };
		151E6A361D1299F20023652B /* Images.xcassets */ = {isa = PBXFileReference; lastKnownFileType = folder.assetcatalog; path = Images.xcassets; sourceTree = "<group>"; };
		151E6A391D1299F20023652B /* Base */ = {isa = PBXFileReference; lastKnownFileType = file.xib; name = Base; path = Base.lproj/LaunchScreen.xib; sourceTree = "<group>"; };
		151E6A3F1D1299F20023652B /* dataSaveTests.xctest */ = {isa = PBXFileReference; explicitFileType = wrapper.cfbundle; includeInIndex = 0; path = dataSaveTests.xctest; sourceTree = BUILT_PRODUCTS_DIR; };
		151E6A441D1299F20023652B /* Info.plist */ = {isa = PBXFileReference; lastKnownFileType = text.plist.xml; path = Info.plist; sourceTree = "<group>"; };
		151E6A451D1299F20023652B /* dataSaveTests.m */ = {isa = PBXFileReference; lastKnownFileType = sourcecode.c.objc; path = dataSaveTests.m; sourceTree = "<group>"; };
		151E6A501D129A830023652B /* FMDatabase.h */ = {isa = PBXFileReference; fileEncoding = 4; lastKnownFileType = sourcecode.c.h; path = FMDatabase.h; sourceTree = "<group>"; };
		151E6A511D129A830023652B /* FMDatabase.m */ = {isa = PBXFileReference; fileEncoding = 4; lastKnownFileType = sourcecode.c.objc; path = FMDatabase.m; sourceTree = "<group>"; };
		151E6A521D129A830023652B /* FMDatabaseAdditions.h */ = {isa = PBXFileReference; fileEncoding = 4; lastKnownFileType = sourcecode.c.h; path = FMDatabaseAdditions.h; sourceTree = "<group>"; };
		151E6A531D129A830023652B /* FMDatabaseAdditions.m */ = {isa = PBXFileReference; fileEncoding = 4; lastKnownFileType = sourcecode.c.objc; path = FMDatabaseAdditions.m; sourceTree = "<group>"; };
		151E6A541D129A830023652B /* FMDatabasePool.h */ = {isa = PBXFileReference; fileEncoding = 4; lastKnownFileType = sourcecode.c.h; path = FMDatabasePool.h; sourceTree = "<group>"; };
		151E6A551D129A830023652B /* FMDatabasePool.m */ = {isa = PBXFileReference; fileEncoding = 4; lastKnownFileType = sourcecode.c.objc; path = FMDatabasePool.m; sourceTree = "<group>"; };
		151E6A561D129A830023652B /* FMDatabaseQueue.h */ = {isa = PBXFileReference; fileEncoding = 4; lastKnownFileType = sourcecode.c.h; path = FMDatabaseQueue.h; sourceTree = "<group>"; };
		151E6A571D129A830023652B /* FMDatabaseQueue.m */ = {isa = PBXFileReference; fileEncoding = 4; lastKnownFileType = sourcecode.c.objc; path = FMDatabaseQueue.m; sourceTree = "<group>"; };
		151E6A581D129A830023652B /* FMDB.h */ = {isa = PBXFileReference; fileEncoding = 4; lastKnownFileType = sourcecode.c.h; path = FMDB.h; sourceTree = "<group>"; };
		151E6A591D129A830023652B /* FMResultSet.h */ = {isa = PBXFileReference; fileEncoding = 4; lastKnownFileType = sourcecode.c.h; path = FMResultSet.h; sourceTree = "<group>"; };
		151E6A5A1D129A830023652B /* FMResultSet.m */ = {isa = PBXFileReference; fileEncoding = 4; lastKnownFileType = sourcecode.c.objc; path = FMResultSet.m; sourceTree = "<group>"; };
		151E6A5B1D129A830023652B /* Info.plist */ = {isa = PBXFileReference; fileEncoding = 4; lastKnownFileType = text.plist.xml; path = Info.plist; sourceTree = "<group>"; };
		151E6A621D129AFE0023652B /* XQDataManger.h */ = {isa = PBXFileReference; fileEncoding = 4; lastKnownFileType = sourcecode.c.h; path = XQDataManger.h; sourceTree = "<group>"; };
		151E6A631D129AFE0023652B /* XQDataManger.m */ = {isa = PBXFileReference; fileEncoding = 4; lastKnownFileType = sourcecode.c.objc; path = XQDataManger.m; sourceTree = "<group>"; };
		151E6A651D129B520023652B /* libsqlite3.0.dylib */ = {isa = PBXFileReference; lastKnownFileType = "compiled.mach-o.dylib"; name = libsqlite3.0.dylib; path = usr/lib/libsqlite3.0.dylib; sourceTree = SDKROOT; };
		151E6A671D129BED0023652B /* ViewController.h */ = {isa = PBXFileReference; fileEncoding = 4; lastKnownFileType = sourcecode.c.h; path = ViewController.h; sourceTree = "<group>"; };
		151E6A681D129BED0023652B /* ViewController.m */ = {isa = PBXFileReference; fileEncoding = 4; lastKnownFileType = sourcecode.c.objc; path = ViewController.m; sourceTree = "<group>"; };
		151E6A691D129BED0023652B /* ViewController.xib */ = {isa = PBXFileReference; fileEncoding = 4; lastKnownFileType = file.xib; path = ViewController.xib; sourceTree = "<group>"; };
		1522BF351D1A295F001FC969 /* SearchViewController.h */ = {isa = PBXFileReference; fileEncoding = 4; lastKnownFileType = sourcecode.c.h; path = SearchViewController.h; sourceTree = "<group>"; };
		1522BF361D1A295F001FC969 /* SearchViewController.m */ = {isa = PBXFileReference; fileEncoding = 4; lastKnownFileType = sourcecode.c.objc; path = SearchViewController.m; sourceTree = "<group>"; };
		152ABC641D191835000A25CE /* UserModel.h */ = {isa = PBXFileReference; fileEncoding = 4; lastKnownFileType = sourcecode.c.h; path = UserModel.h; sourceTree = "<group>"; };
		152ABC651D191835000A25CE /* UserModel.m */ = {isa = PBXFileReference; fileEncoding = 4; lastKnownFileType = sourcecode.c.objc; path = UserModel.m; sourceTree = "<group>"; };
		152ABC671D191DF4000A25CE /* UserCell.h */ = {isa = PBXFileReference; fileEncoding = 4; lastKnownFileType = sourcecode.c.h; path = UserCell.h; sourceTree = "<group>"; };
		152ABC681D191DF4000A25CE /* UserCell.m */ = {isa = PBXFileReference; fileEncoding = 4; lastKnownFileType = sourcecode.c.objc; path = UserCell.m; sourceTree = "<group>"; };
		152ABC691D191DF4000A25CE /* UserCell.xib */ = {isa = PBXFileReference; fileEncoding = 4; lastKnownFileType = file.xib; path = UserCell.xib; sourceTree = "<group>"; };
		152ABC6F1D1934FB000A25CE /* DataGetViewController.h */ = {isa = PBXFileReference; fileEncoding = 4; lastKnownFileType = sourcecode.c.h; path = DataGetViewController.h; sourceTree = "<group>"; };
		152ABC701D1934FB000A25CE /* DataGetViewController.m */ = {isa = PBXFileReference; fileEncoding = 4; lastKnownFileType = sourcecode.c.objc; path = DataGetViewController.m; sourceTree = "<group>"; };
		152ABC711D1934FB000A25CE /* DataGetViewController.xib */ = {isa = PBXFileReference; fileEncoding = 4; lastKnownFileType = file.xib; path = DataGetViewController.xib; sourceTree = "<group>"; };
/* End PBXFileReference section */

/* Begin PBXFrameworksBuildPhase section */
		151E6A231D1299F20023652B /* Frameworks */ = {
			isa = PBXFrameworksBuildPhase;
			buildActionMask = 2147483647;
			files = (
				151E6A661D129B520023652B /* libsqlite3.0.dylib in Frameworks */,
			);
			runOnlyForDeploymentPostprocessing = 0;
		};
		151E6A3C1D1299F20023652B /* Frameworks */ = {
			isa = PBXFrameworksBuildPhase;
			buildActionMask = 2147483647;
			files = (
			);
			runOnlyForDeploymentPostprocessing = 0;
		};
/* End PBXFrameworksBuildPhase section */

/* Begin PBXGroup section */
		151E6A1D1D1299F20023652B = {
			isa = PBXGroup;
			children = (
				151E6A651D129B520023652B /* libsqlite3.0.dylib */,
				151E6A281D1299F20023652B /* dataSave */,
				151E6A421D1299F20023652B /* dataSaveTests */,
				151E6A271D1299F20023652B /* Products */,
			);
			sourceTree = "<group>";
		};
		151E6A271D1299F20023652B /* Products */ = {
			isa = PBXGroup;
			children = (
				151E6A261D1299F20023652B /* dataSave.app */,
				151E6A3F1D1299F20023652B /* dataSaveTests.xctest */,
			);
			name = Products;
			sourceTree = "<group>";
		};
		151E6A281D1299F20023652B /* dataSave */ = {
			isa = PBXGroup;
			children = (
				151E6A2D1D1299F20023652B /* AppDelegate.h */,
				151E6A2E1D1299F20023652B /* AppDelegate.m */,
				151E6A671D129BED0023652B /* ViewController.h */,
				151E6A681D129BED0023652B /* ViewController.m */,
				151E6A691D129BED0023652B /* ViewController.xib */,
				151E6A621D129AFE0023652B /* XQDataManger.h */,
				151E6A631D129AFE0023652B /* XQDataManger.m */,
				1522BF3B1D1A41CD001FC969 /* Model */,
				1522BF3A1D1A41BC001FC969 /* cell */,
				1522BF391D1A41A0001FC969 /* 添加修改 */,
				1522BF381D1A4189001FC969 /* 搜索 */,
				151E6A331D1299F20023652B /* Main.storyboard */,
				151E6A4F1D129A830023652B /* fmdb */,
				151E6A361D1299F20023652B /* Images.xcassets */,
				151E6A381D1299F20023652B /* LaunchScreen.xib */,
				151E6A291D1299F20023652B /* Supporting Files */,
			);
			path = dataSave;
			sourceTree = "<group>";
		};
		151E6A291D1299F20023652B /* Supporting Files */ = {
			isa = PBXGroup;
			children = (
				151E6A2A1D1299F20023652B /* Info.plist */,
				151E6A2B1D1299F20023652B /* main.m */,
			);
			name = "Supporting Files";
			sourceTree = "<group>";
		};
		151E6A421D1299F20023652B /* dataSaveTests */ = {
			isa = PBXGroup;
			children = (
				151E6A451D1299F20023652B /* dataSaveTests.m */,
				151E6A431D1299F20023652B /* Supporting Files */,
			);
			path = dataSaveTests;
			sourceTree = "<group>";
		};
		151E6A431D1299F20023652B /* Supporting Files */ = {
			isa = PBXGroup;
			children = (
				151E6A441D1299F20023652B /* Info.plist */,
			);
			name = "Supporting Files";
			sourceTree = "<group>";
		};
		151E6A4F1D129A830023652B /* fmdb */ = {
			isa = PBXGroup;
			children = (
				151E6A501D129A830023652B /* FMDatabase.h */,
				151E6A511D129A830023652B /* FMDatabase.m */,
				151E6A521D129A830023652B /* FMDatabaseAdditions.h */,
				151E6A531D129A830023652B /* FMDatabaseAdditions.m */,
				151E6A541D129A830023652B /* FMDatabasePool.h */,
				151E6A551D129A830023652B /* FMDatabasePool.m */,
				151E6A561D129A830023652B /* FMDatabaseQueue.h */,
				151E6A571D129A830023652B /* FMDatabaseQueue.m */,
				151E6A581D129A830023652B /* FMDB.h */,
				151E6A591D129A830023652B /* FMResultSet.h */,
				151E6A5A1D129A830023652B /* FMResultSet.m */,
				151E6A5B1D129A830023652B /* Info.plist */,
			);
			path = fmdb;
			sourceTree = "<group>";
		};
		1522BF381D1A4189001FC969 /* 搜索 */ = {
			isa = PBXGroup;
			children = (
				1522BF351D1A295F001FC969 /* SearchViewController.h */,
				1522BF361D1A295F001FC969 /* SearchViewController.m */,
			);
			name = "搜索";
			sourceTree = "<group>";
		};
		1522BF391D1A41A0001FC969 /* 添加修改 */ = {
			isa = PBXGroup;
			children = (
				152ABC6F1D1934FB000A25CE /* DataGetViewController.h */,
				152ABC701D1934FB000A25CE /* DataGetViewController.m */,
				152ABC711D1934FB000A25CE /* DataGetViewController.xib */,
			);
			name = "添加修改";
			sourceTree = "<group>";
		};
		1522BF3A1D1A41BC001FC969 /* cell */ = {
			isa = PBXGroup;
			children = (
				152ABC671D191DF4000A25CE /* UserCell.h */,
				152ABC681D191DF4000A25CE /* UserCell.m */,
				152ABC691D191DF4000A25CE /* UserCell.xib */,
			);
			name = cell;
			sourceTree = "<group>";
		};
		1522BF3B1D1A41CD001FC969 /* Model */ = {
			isa = PBXGroup;
			children = (
				152ABC641D191835000A25CE /* UserModel.h */,
				152ABC651D191835000A25CE /* UserModel.m */,
			);
			name = Model;
			sourceTree = "<group>";
		};
/* End PBXGroup section */

/* Begin PBXNativeTarget section */
		151E6A251D1299F20023652B /* dataSave */ = {
			isa = PBXNativeTarget;
			buildConfigurationList = 151E6A491D1299F20023652B /* Build configuration list for PBXNativeTarget "dataSave" */;
			buildPhases = (
				151E6A221D1299F20023652B /* Sources */,
				151E6A231D1299F20023652B /* Frameworks */,
				151E6A241D1299F20023652B /* Resources */,
			);
			buildRules = (
			);
			dependencies = (
			);
			name = dataSave;
			productName = dataSave;
			productReference = 151E6A261D1299F20023652B /* dataSave.app */;
			productType = "com.apple.product-type.application";
		};
		151E6A3E1D1299F20023652B /* dataSaveTests */ = {
			isa = PBXNativeTarget;
			buildConfigurationList = 151E6A4C1D1299F20023652B /* Build configuration list for PBXNativeTarget "dataSaveTests" */;
			buildPhases = (
				151E6A3B1D1299F20023652B /* Sources */,
				151E6A3C1D1299F20023652B /* Frameworks */,
				151E6A3D1D1299F20023652B /* Resources */,
			);
			buildRules = (
			);
			dependencies = (
				151E6A411D1299F20023652B /* PBXTargetDependency */,
			);
			name = dataSaveTests;
			productName = dataSaveTests;
			productReference = 151E6A3F1D1299F20023652B /* dataSaveTests.xctest */;
			productType = "com.apple.product-type.bundle.unit-test";
		};
/* End PBXNativeTarget section */

/* Begin PBXProject section */
		151E6A1E1D1299F20023652B /* Project object */ = {
			isa = PBXProject;
			attributes = {
				LastUpgradeCheck = 0640;
				ORGANIZATIONNAME = X;
				TargetAttributes = {
					151E6A251D1299F20023652B = {
						CreatedOnToolsVersion = 6.4;
					};
					151E6A3E1D1299F20023652B = {
						CreatedOnToolsVersion = 6.4;
						TestTargetID = 151E6A251D1299F20023652B;
					};
				};
			};
			buildConfigurationList = 151E6A211D1299F20023652B /* Build configuration list for PBXProject "dataSave" */;
			compatibilityVersion = "Xcode 3.2";
			developmentRegion = English;
			hasScannedForEncodings = 0;
			knownRegions = (
				en,
				Base,
			);
			mainGroup = 151E6A1D1D1299F20023652B;
			productRefGroup = 151E6A271D1299F20023652B /* Products */;
			projectDirPath = "";
			projectRoot = "";
			targets = (
				151E6A251D1299F20023652B /* dataSave */,
				151E6A3E1D1299F20023652B /* dataSaveTests */,
			);
		};
/* End PBXProject section */

/* Begin PBXResourcesBuildPhase section */
		151E6A241D1299F20023652B /* Resources */ = {
			isa = PBXResourcesBuildPhase;
			buildActionMask = 2147483647;
			files = (
				151E6A6B1D129BED0023652B /* ViewController.xib in Resources */,
				151E6A611D129A830023652B /* Info.plist in Resources */,
				152ABC6B1D191DF4000A25CE /* UserCell.xib in Resources */,
				151E6A351D1299F20023652B /* Main.storyboard in Resources */,
				151E6A3A1D1299F20023652B /* LaunchScreen.xib in Resources */,
				152ABC731D1934FB000A25CE /* DataGetViewController.xib in Resources */,
				151E6A371D1299F20023652B /* Images.xcassets in Resources */,
			);
			runOnlyForDeploymentPostprocessing = 0;
		};
		151E6A3D1D1299F20023652B /* Resources */ = {
			isa = PBXResourcesBuildPhase;
			buildActionMask = 2147483647;
			files = (
			);
			runOnlyForDeploymentPostprocessing = 0;
		};
/* End PBXResourcesBuildPhase section */

/* Begin PBXSourcesBuildPhase section */
		151E6A221D1299F20023652B /* Sources */ = {
			isa = PBXSourcesBuildPhase;
			buildActionMask = 2147483647;
			files = (
				151E6A6A1D129BED0023652B /* ViewController.m in Sources */,
				1522BF371D1A295F001FC969 /* SearchViewController.m in Sources */,
				151E6A5E1D129A830023652B /* FMDatabasePool.m in Sources */,
				152ABC721D1934FB000A25CE /* DataGetViewController.m in Sources */,
				151E6A2F1D1299F20023652B /* AppDelegate.m in Sources */,
				151E6A5F1D129A830023652B /* FMDatabaseQueue.m in Sources */,
				151E6A2C1D1299F20023652B /* main.m in Sources */,
				151E6A5C1D129A830023652B /* FMDatabase.m in Sources */,
				152ABC661D191835000A25CE /* UserModel.m in Sources */,
				151E6A601D129A830023652B /* FMResultSet.m in Sources */,
				151E6A5D1D129A830023652B /* FMDatabaseAdditions.m in Sources */,
				152ABC6A1D191DF4000A25CE /* UserCell.m in Sources */,
				151E6A641D129AFE0023652B /* XQDataManger.m in Sources */,
			);
			runOnlyForDeploymentPostprocessing = 0;
		};
		151E6A3B1D1299F20023652B /* Sources */ = {
			isa = PBXSourcesBuildPhase;
			buildActionMask = 2147483647;
			files = (
				151E6A461D1299F20023652B /* dataSaveTests.m in Sources */,
			);
			runOnlyForDeploymentPostprocessing = 0;
		};
/* End PBXSourcesBuildPhase section */

/* Begin PBXTargetDependency section */
		151E6A411D1299F20023652B /* PBXTargetDependency */ = {
			isa = PBXTargetDependency;
			target = 151E6A251D1299F20023652B /* dataSave */;
			targetProxy = 151E6A401D1299F20023652B /* PBXContainerItemProxy */;
		};
/* End PBXTargetDependency section */

/* Begin PBXVariantGroup section */
		151E6A331D1299F20023652B /* Main.storyboard */ = {
			isa = PBXVariantGroup;
			children = (
				151E6A341D1299F20023652B /* Base */,
			);
			name = Main.storyboard;
			sourceTree = "<group>";
		};
		151E6A381D1299F20023652B /* LaunchScreen.xib */ = {
			isa = PBXVariantGroup;
			children = (
				151E6A391D1299F20023652B /* Base */,
			);
			name = LaunchScreen.xib;
			sourceTree = "<group>";
		};
/* End PBXVariantGroup section */

/* Begin XCBuildConfiguration section */
		151E6A471D1299F20023652B /* Debug */ = {
			isa = XCBuildConfiguration;
			buildSettings = {
				ALWAYS_SEARCH_USER_PATHS = NO;
				CLANG_CXX_LANGUAGE_STANDARD = "gnu++0x";
				CLANG_CXX_LIBRARY = "libc++";
				CLANG_ENABLE_MODULES = YES;
				CLANG_ENABLE_OBJC_ARC = YES;
				CLANG_WARN_BOOL_CONVERSION = YES;
				CLANG_WARN_CONSTANT_CONVERSION = YES;
				CLANG_WARN_DIRECT_OBJC_ISA_USAGE = YES_ERROR;
				CLANG_WARN_EMPTY_BODY = YES;
				CLANG_WARN_ENUM_CONVERSION = YES;
				CLANG_WARN_INT_CONVERSION = YES;
				CLANG_WARN_OBJC_ROOT_CLASS = YES_ERROR;
				CLANG_WARN_UNREACHABLE_CODE = YES;
				CLANG_WARN__DUPLICATE_METHOD_MATCH = YES;
				"CODE_SIGN_IDENTITY[sdk=iphoneos*]" = "iPhone Developer";
				COPY_PHASE_STRIP = NO;
				DEBUG_INFORMATION_FORMAT = "dwarf-with-dsym";
				ENABLE_STRICT_OBJC_MSGSEND = YES;
				GCC_C_LANGUAGE_STANDARD = gnu99;
				GCC_DYNAMIC_NO_PIC = NO;
				GCC_NO_COMMON_BLOCKS = YES;
				GCC_OPTIMIZATION_LEVEL = 0;
				GCC_PREPROCESSOR_DEFINITIONS = (
					"DEBUG=1",
					"$(inherited)",
				);
				GCC_SYMBOLS_PRIVATE_EXTERN = NO;
				GCC_WARN_64_TO_32_BIT_CONVERSION = YES;
				GCC_WARN_ABOUT_RETURN_TYPE = YES_ERROR;
				GCC_WARN_UNDECLARED_SELECTOR = YES;
				GCC_WARN_UNINITIALIZED_AUTOS = YES_AGGRESSIVE;
				GCC_WARN_UNUSED_FUNCTION = YES;
				GCC_WARN_UNUSED_VARIABLE = YES;
				IPHONEOS_DEPLOYMENT_TARGET = 8.0;
				MTL_ENABLE_DEBUG_INFO = YES;
				ONLY_ACTIVE_ARCH = YES;
				SDKROOT = iphoneos;
				TARGETED_DEVICE_FAMILY = "1,2";
			};
			name = Debug;
		};
		151E6A481D1299F20023652B /* Release */ = {
			isa = XCBuildConfiguration;
			buildSettings = {
				ALWAYS_SEARCH_USER_PATHS = NO;
				CLANG_CXX_LANGUAGE_STANDARD = "gnu++0x";
				CLANG_CXX_LIBRARY = "libc++";
				CLANG_ENABLE_MODULES = YES;
				CLANG_ENABLE_OBJC_ARC = YES;
				CLANG_WARN_BOOL_CONVERSION = YES;
				CLANG_WARN_CONSTANT_CONVERSION = YES;
				CLANG_WARN_DIRECT_OBJC_ISA_USAGE = YES_ERROR;
				CLANG_WARN_EMPTY_BODY = YES;
				CLANG_WARN_ENUM_CONVERSION = YES;
				CLANG_WARN_INT_CONVERSION = YES;
				CLANG_WARN_OBJC_ROOT_CLASS = YES_ERROR;
				CLANG_WARN_UNREACHABLE_CODE = YES;
				CLANG_WARN__DUPLICATE_METHOD_MATCH = YES;
				"CODE_SIGN_IDENTITY[sdk=iphoneos*]" = "iPhone Developer";
				COPY_PHASE_STRIP = NO;
				DEBUG_INFORMATION_FORMAT = "dwarf-with-dsym";
				ENABLE_NS_ASSERTIONS = NO;
				ENABLE_STRICT_OBJC_MSGSEND = YES;
				GCC_C_LANGUAGE_STANDARD = gnu99;
				GCC_NO_COMMON_BLOCKS = YES;
				GCC_WARN_64_TO_32_BIT_CONVERSION = YES;
				GCC_WARN_ABOUT_RETURN_TYPE = YES_ERROR;
				GCC_WARN_UNDECLARED_SELECTOR = YES;
				GCC_WARN_UNINITIALIZED_AUTOS = YES_AGGRESSIVE;
				GCC_WARN_UNUSED_FUNCTION = YES;
				GCC_WARN_UNUSED_VARIABLE = YES;
				IPHONEOS_DEPLOYMENT_TARGET = 8.0;
				MTL_ENABLE_DEBUG_INFO = NO;
				SDKROOT = iphoneos;
				TARGETED_DEVICE_FAMILY = "1,2";
				VALIDATE_PRODUCT = YES;
			};
			name = Release;
		};
		151E6A4A1D1299F20023652B /* Debug */ = {
			isa = XCBuildConfiguration;
			buildSettings = {
				ASSETCATALOG_COMPILER_APPICON_NAME = AppIcon;
				INFOPLIST_FILE = dataSave/Info.plist;
				LD_RUNPATH_SEARCH_PATHS = "$(inherited) @executable_path/Frameworks";
				PRODUCT_NAME = "$(TARGET_NAME)";
			};
			name = Debug;
		};
		151E6A4B1D1299F20023652B /* Release */ = {
			isa = XCBuildConfiguration;
			buildSettings = {
				ASSETCATALOG_COMPILER_APPICON_NAME = AppIcon;
				INFOPLIST_FILE = dataSave/Info.plist;
				LD_RUNPATH_SEARCH_PATHS = "$(inherited) @executable_path/Frameworks";
				PRODUCT_NAME = "$(TARGET_NAME)";
			};
			name = Release;
		};
		151E6A4D1D1299F20023652B /* Debug */ = {
			isa = XCBuildConfiguration;
			buildSettings = {
				BUNDLE_LOADER = "$(TEST_HOST)";
				FRAMEWORK_SEARCH_PATHS = (
					"$(SDKROOT)/Developer/Library/Frameworks",
					"$(inherited)",
				);
				GCC_PREPROCESSOR_DEFINITIONS = (
					"DEBUG=1",
					"$(inherited)",
				);
				INFOPLIST_FILE = dataSaveTests/Info.plist;
				LD_RUNPATH_SEARCH_PATHS = "$(inherited) @executable_path/Frameworks @loader_path/Frameworks";
				PRODUCT_NAME = "$(TARGET_NAME)";
				TEST_HOST = "$(BUILT_PRODUCTS_DIR)/dataSave.app/dataSave";
			};
			name = Debug;
		};
		151E6A4E1D1299F20023652B /* Release */ = {
			isa = XCBuildConfiguration;
			buildSettings = {
				BUNDLE_LOADER = "$(TEST_HOST)";
				FRAMEWORK_SEARCH_PATHS = (
					"$(SDKROOT)/Developer/Library/Frameworks",
					"$(inherited)",
				);
				INFOPLIST_FILE = dataSaveTests/Info.plist;
				LD_RUNPATH_SEARCH_PATHS = "$(inherited) @executable_path/Frameworks @loader_path/Frameworks";
				PRODUCT_NAME = "$(TARGET_NAME)";
				TEST_HOST = "$(BUILT_PRODUCTS_DIR)/dataSave.app/dataSave";
			};
			name = Release;
		};
/* End XCBuildConfiguration section */

/* Begin XCConfigurationList section */
		151E6A211D1299F20023652B /* Build configuration list for PBXProject "dataSave" */ = {
			isa = XCConfigurationList;
			buildConfigurations = (
				151E6A471D1299F20023652B /* Debug */,
				151E6A481D1299F20023652B /* Release */,
			);
			defaultConfigurationIsVisible = 0;
			defaultConfigurationName = Release;
		};
		151E6A491D1299F20023652B /* Build configuration list for PBXNativeTarget "dataSave" */ = {
			isa = XCConfigurationList;
			buildConfigurations = (
				151E6A4A1D1299F20023652B /* Debug */,
				151E6A4B1D1299F20023652B /* Release */,
			);
			defaultConfigurationIsVisible = 0;
			defaultConfigurationName = Release;
		};
		151E6A4C1D1299F20023652B /* Build configuration list for PBXNativeTarget "dataSaveTests" */ = {
			isa = XCConfigurationList;
			buildConfigurations = (
				151E6A4D1D1299F20023652B /* Debug */,
				151E6A4E1D1299F20023652B /* Release */,
			);
			defaultConfigurationIsVisible = 0;
			defaultConfigurationName = Release;
		};
/* End XCConfigurationList section */
	};
	rootObject = 151E6A1E1D1299F20023652B /* Project object */;
}
